
Microsoft Visual Studio Solution File, Format Version 12.00
# Visual Studio Version 16
VisualStudioVersion = 16.0.31624.102
MinimumVisualStudioVersion = 10.0.40219.1
Project("{FAE04EC0-301F-11D3-BF4B-00C04F79EFBC}") = "KetoBlog", "KetoBlog.csproj", "{80401FC9-3586-4ABA-AC9A-F6E6656EF8A6}"
EndProject
Global
	GlobalSection(SolutionConfigurationPlatforms) = preSolution
		Debug|Any CPU = Debug|Any CPU
		Release|Any CPU = Release|Any CPU
	EndGlobalSection
	GlobalSection(ProjectConfigurationPlatforms) = postSolution
		{80401FC9-3586-4ABA-AC9A-F6E6656EF8A6}.Debug|Any CPU.ActiveCfg = Debug|Any CPU
		{80401FC9-3586-4ABA-AC9A-F6E6656EF8A6}.Debug|Any CPU.Build.0 = Debug|Any CPU
		{80401FC9-3586-4ABA-AC9A-F6E6656EF8A6}.Release|Any CPU.ActiveCfg = Release|Any CPU
		{80401FC9-3586-4ABA-AC9A-F6E6656EF8A6}.Release|Any CPU.Build.0 = Release|Any CPU
	EndGlobalSection
	GlobalSection(SolutionProperties) = preSolution
		HideSolutionNode = FALSE
	EndGlobalSection
	GlobalSection(ExtensibilityGlobals) = postSolution
		SolutionGuid = {934F1592-D0FA-4693-9EA3-ABFDC21C42BC}
	EndGlobalSection
EndGlobal
